// !$*UTF8*$!
{
	archiveVersion = 1;
	classes = {
	};
	objectVersion = 50;
	objects = {

/* Begin PBXBuildFile section */
		4A9ACC185AA769D979F9DF69 /* Pods_UberAppTests.framework in Frameworks */ = {isa = PBXBuildFile; fileRef = 74E79245D5216EA2D680A363 /* Pods_UberAppTests.framework */; };
		804EB6C8242B17E6009CDF92 /* SignUpViewController.swift in Sources */ = {isa = PBXBuildFile; fileRef = 804EB6C7242B17E6009CDF92 /* SignUpViewController.swift */; };
		804EB6CA242B26DE009CDF92 /* AuthButton.swift in Sources */ = {isa = PBXBuildFile; fileRef = 804EB6C9242B26DE009CDF92 /* AuthButton.swift */; };
		804EB6CC242B2E07009CDF92 /* GoogleService-Info.plist in Resources */ = {isa = PBXBuildFile; fileRef = 804EB6CB242B2E07009CDF92 /* GoogleService-Info.plist */; };
		80D24443242A48A10092B2D0 /* LoginViewController.swift in Sources */ = {isa = PBXBuildFile; fileRef = 80D24441242A48A10092B2D0 /* LoginViewController.swift */; };
		80D24446242A52D50092B2D0 /* Extensions.swift in Sources */ = {isa = PBXBuildFile; fileRef = 80D24445242A52D50092B2D0 /* Extensions.swift */; };
		80FE959C2420FF8F00969A1B /* AppDelegate.swift in Sources */ = {isa = PBXBuildFile; fileRef = 80FE959B2420FF8F00969A1B /* AppDelegate.swift */; };
		80FE959E2420FF8F00969A1B /* SceneDelegate.swift in Sources */ = {isa = PBXBuildFile; fileRef = 80FE959D2420FF8F00969A1B /* SceneDelegate.swift */; };
		80FE95A32420FF8F00969A1B /* Main.storyboard in Resources */ = {isa = PBXBuildFile; fileRef = 80FE95A12420FF8F00969A1B /* Main.storyboard */; };
		80FE95A52420FF9100969A1B /* Assets.xcassets in Resources */ = {isa = PBXBuildFile; fileRef = 80FE95A42420FF9100969A1B /* Assets.xcassets */; };
		80FE95A82420FF9100969A1B /* LaunchScreen.storyboard in Resources */ = {isa = PBXBuildFile; fileRef = 80FE95A62420FF9100969A1B /* LaunchScreen.storyboard */; };
		80FE95B32420FF9100969A1B /* UberAppTests.swift in Sources */ = {isa = PBXBuildFile; fileRef = 80FE95B22420FF9100969A1B /* UberAppTests.swift */; };
		CA9885B8C316B2BD851B3B1F /* Pods_UberApp.framework in Frameworks */ = {isa = PBXBuildFile; fileRef = 21CB74639659E1C573ABE25B /* Pods_UberApp.framework */; };
/* End PBXBuildFile section */

/* Begin PBXContainerItemProxy section */
		80FE95AF2420FF9100969A1B /* PBXContainerItemProxy */ = {
			isa = PBXContainerItemProxy;
			containerPortal = 80FE95902420FF8F00969A1B /* Project object */;
			proxyType = 1;
			remoteGlobalIDString = 80FE95972420FF8F00969A1B;
			remoteInfo = UberApp;
		};
/* End PBXContainerItemProxy section */

/* Begin PBXFileReference section */
		21CB74639659E1C573ABE25B /* Pods_UberApp.framework */ = {isa = PBXFileReference; explicitFileType = wrapper.framework; includeInIndex = 0; path = Pods_UberApp.framework; sourceTree = BUILT_PRODUCTS_DIR; };
		2934DCA746661070F4E54A14 /* Pods-UberApp.release.xcconfig */ = {isa = PBXFileReference; includeInIndex = 1; lastKnownFileType = text.xcconfig; name = "Pods-UberApp.release.xcconfig"; path = "Target Support Files/Pods-UberApp/Pods-UberApp.release.xcconfig"; sourceTree = "<group>"; };
		6EB4E138DE395F0A1BDCCFC0 /* Pods-UberAppTests.release.xcconfig */ = {isa = PBXFileReference; includeInIndex = 1; lastKnownFileType = text.xcconfig; name = "Pods-UberAppTests.release.xcconfig"; path = "Target Support Files/Pods-UberAppTests/Pods-UberAppTests.release.xcconfig"; sourceTree = "<group>"; };
		74E79245D5216EA2D680A363 /* Pods_UberAppTests.framework */ = {isa = PBXFileReference; explicitFileType = wrapper.framework; includeInIndex = 0; path = Pods_UberAppTests.framework; sourceTree = BUILT_PRODUCTS_DIR; };
		804EB6C7242B17E6009CDF92 /* SignUpViewController.swift */ = {isa = PBXFileReference; lastKnownFileType = sourcecode.swift; path = SignUpViewController.swift; sourceTree = "<group>"; };
		804EB6C9242B26DE009CDF92 /* AuthButton.swift */ = {isa = PBXFileReference; lastKnownFileType = sourcecode.swift; path = AuthButton.swift; sourceTree = "<group>"; };
		804EB6CB242B2E07009CDF92 /* GoogleService-Info.plist */ = {isa = PBXFileReference; fileEncoding = 4; lastKnownFileType = text.plist.xml; path = "GoogleService-Info.plist"; sourceTree = "<group>"; };
		80D24441242A48A10092B2D0 /* LoginViewController.swift */ = {isa = PBXFileReference; lastKnownFileType = sourcecode.swift; path = LoginViewController.swift; sourceTree = "<group>"; };
		80D24445242A52D50092B2D0 /* Extensions.swift */ = {isa = PBXFileReference; lastKnownFileType = sourcecode.swift; path = Extensions.swift; sourceTree = "<group>"; };
		80FE95982420FF8F00969A1B /* UberApp.app */ = {isa = PBXFileReference; explicitFileType = wrapper.application; includeInIndex = 0; path = UberApp.app; sourceTree = BUILT_PRODUCTS_DIR; };
		80FE959B2420FF8F00969A1B /* AppDelegate.swift */ = {isa = PBXFileReference; lastKnownFileType = sourcecode.swift; path = AppDelegate.swift; sourceTree = "<group>"; };
		80FE959D2420FF8F00969A1B /* SceneDelegate.swift */ = {isa = PBXFileReference; lastKnownFileType = sourcecode.swift; path = SceneDelegate.swift; sourceTree = "<group>"; };
		80FE95A22420FF8F00969A1B /* Base */ = {isa = PBXFileReference; lastKnownFileType = file.storyboard; name = Base; path = Base.lproj/Main.storyboard; sourceTree = "<group>"; };
		80FE95A42420FF9100969A1B /* Assets.xcassets */ = {isa = PBXFileReference; lastKnownFileType = folder.assetcatalog; path = Assets.xcassets; sourceTree = "<group>"; };
		80FE95A72420FF9100969A1B /* Base */ = {isa = PBXFileReference; lastKnownFileType = file.storyboard; name = Base; path = Base.lproj/LaunchScreen.storyboard; sourceTree = "<group>"; };
		80FE95A92420FF9100969A1B /* Info.plist */ = {isa = PBXFileReference; lastKnownFileType = text.plist.xml; path = Info.plist; sourceTree = "<group>"; };
		80FE95AE2420FF9100969A1B /* UberAppTests.xctest */ = {isa = PBXFileReference; explicitFileType = wrapper.cfbundle; includeInIndex = 0; path = UberAppTests.xctest; sourceTree = BUILT_PRODUCTS_DIR; };
		80FE95B22420FF9100969A1B /* UberAppTests.swift */ = {isa = PBXFileReference; lastKnownFileType = sourcecode.swift; path = UberAppTests.swift; sourceTree = "<group>"; };
		80FE95B42420FF9100969A1B /* Info.plist */ = {isa = PBXFileReference; lastKnownFileType = text.plist.xml; path = Info.plist; sourceTree = "<group>"; };
		A2994FF030D4A0852CEE595E /* Pods-UberApp.debug.xcconfig */ = {isa = PBXFileReference; includeInIndex = 1; lastKnownFileType = text.xcconfig; name = "Pods-UberApp.debug.xcconfig"; path = "Target Support Files/Pods-UberApp/Pods-UberApp.debug.xcconfig"; sourceTree = "<group>"; };
		FD3483A3D207C126DE7413FC /* Pods-UberAppTests.debug.xcconfig */ = {isa = PBXFileReference; includeInIndex = 1; lastKnownFileType = text.xcconfig; name = "Pods-UberAppTests.debug.xcconfig"; path = "Target Support Files/Pods-UberAppTests/Pods-UberAppTests.debug.xcconfig"; sourceTree = "<group>"; };
/* End PBXFileReference section */

/* Begin PBXFrameworksBuildPhase section */
		80FE95952420FF8F00969A1B /* Frameworks */ = {
			isa = PBXFrameworksBuildPhase;
			buildActionMask = 2147483647;
			files = (
				CA9885B8C316B2BD851B3B1F /* Pods_UberApp.framework in Frameworks */,
			);
			runOnlyForDeploymentPostprocessing = 0;
		};
		80FE95AB2420FF9100969A1B /* Frameworks */ = {
			isa = PBXFrameworksBuildPhase;
			buildActionMask = 2147483647;
			files = (
				4A9ACC185AA769D979F9DF69 /* Pods_UberAppTests.framework in Frameworks */,
			);
			runOnlyForDeploymentPostprocessing = 0;
		};
/* End PBXFrameworksBuildPhase section */

/* Begin PBXGroup section */
		211116863709ACC7D25B38D0 /* Frameworks */ = {
			isa = PBXGroup;
			children = (
				21CB74639659E1C573ABE25B /* Pods_UberApp.framework */,
				74E79245D5216EA2D680A363 /* Pods_UberAppTests.framework */,
			);
			name = Frameworks;
			sourceTree = "<group>";
		};
		80D2443C242A47D40092B2D0 /* Utils */ = {
			isa = PBXGroup;
			children = (
				80D24445242A52D50092B2D0 /* Extensions.swift */,
			);
			path = Utils;
			sourceTree = "<group>";
		};
		80D2443D242A47D70092B2D0 /* Services */ = {
			isa = PBXGroup;
			children = (
			);
			path = Services;
			sourceTree = "<group>";
		};
		80D2443E242A47D80092B2D0 /* Controller */ = {
			isa = PBXGroup;
			children = (
				80D24441242A48A10092B2D0 /* LoginViewController.swift */,
				804EB6C7242B17E6009CDF92 /* SignUpViewController.swift */,
			);
			path = Controller;
			sourceTree = "<group>";
		};
		80D2443F242A47DA0092B2D0 /* View */ = {
			isa = PBXGroup;
			children = (
				804EB6C9242B26DE009CDF92 /* AuthButton.swift */,
			);
			path = View;
			sourceTree = "<group>";
		};
		80D24440242A47DB0092B2D0 /* Model */ = {
			isa = PBXGroup;
			children = (
			);
			path = Model;
			sourceTree = "<group>";
		};
		80FE958F2420FF8F00969A1B = {
			isa = PBXGroup;
			children = (
				80FE959A2420FF8F00969A1B /* UberApp */,
				80FE95B12420FF9100969A1B /* UberAppTests */,
				80FE95992420FF8F00969A1B /* Products */,
				A8C1E25EB57B6E24CFCB2592 /* Pods */,
				211116863709ACC7D25B38D0 /* Frameworks */,
			);
			sourceTree = "<group>";
		};
		80FE95992420FF8F00969A1B /* Products */ = {
			isa = PBXGroup;
			children = (
				80FE95982420FF8F00969A1B /* UberApp.app */,
				80FE95AE2420FF9100969A1B /* UberAppTests.xctest */,
			);
			name = Products;
			sourceTree = "<group>";
		};
		80FE959A2420FF8F00969A1B /* UberApp */ = {
			isa = PBXGroup;
			children = (
				80D24440242A47DB0092B2D0 /* Model */,
				80D2443F242A47DA0092B2D0 /* View */,
				80D2443E242A47D80092B2D0 /* Controller */,
				80D2443D242A47D70092B2D0 /* Services */,
				80D2443C242A47D40092B2D0 /* Utils */,
				80FE959B2420FF8F00969A1B /* AppDelegate.swift */,
				80FE959D2420FF8F00969A1B /* SceneDelegate.swift */,
				80FE95A12420FF8F00969A1B /* Main.storyboard */,
				80FE95A42420FF9100969A1B /* Assets.xcassets */,
				80FE95A62420FF9100969A1B /* LaunchScreen.storyboard */,
				80FE95A92420FF9100969A1B /* Info.plist */,
				804EB6CB242B2E07009CDF92 /* GoogleService-Info.plist */,
			);
			path = UberApp;
			sourceTree = "<group>";
		};
		80FE95B12420FF9100969A1B /* UberAppTests */ = {
			isa = PBXGroup;
			children = (
				80FE95B22420FF9100969A1B /* UberAppTests.swift */,
				80FE95B42420FF9100969A1B /* Info.plist */,
			);
			path = UberAppTests;
			sourceTree = "<group>";
		};
		A8C1E25EB57B6E24CFCB2592 /* Pods */ = {
			isa = PBXGroup;
			children = (
				A2994FF030D4A0852CEE595E /* Pods-UberApp.debug.xcconfig */,
				2934DCA746661070F4E54A14 /* Pods-UberApp.release.xcconfig */,
				FD3483A3D207C126DE7413FC /* Pods-UberAppTests.debug.xcconfig */,
				6EB4E138DE395F0A1BDCCFC0 /* Pods-UberAppTests.release.xcconfig */,
			);
			name = Pods;
			path = Pods;
			sourceTree = "<group>";
		};
/* End PBXGroup section */

/* Begin PBXNativeTarget section */
		80FE95972420FF8F00969A1B /* UberApp */ = {
			isa = PBXNativeTarget;
			buildConfigurationList = 80FE95B72420FF9100969A1B /* Build configuration list for PBXNativeTarget "UberApp" */;
			buildPhases = (
				39DE900A846A7D9552A77C90 /* [CP] Check Pods Manifest.lock */,
				80FE95942420FF8F00969A1B /* Sources */,
				80FE95952420FF8F00969A1B /* Frameworks */,
				80FE95962420FF8F00969A1B /* Resources */,
				CD8D8291D90F9292FB37CADD /* [CP] Embed Pods Frameworks */,
			);
			buildRules = (
			);
			dependencies = (
			);
			name = UberApp;
			productName = UberApp;
			productReference = 80FE95982420FF8F00969A1B /* UberApp.app */;
			productType = "com.apple.product-type.application";
		};
		80FE95AD2420FF9100969A1B /* UberAppTests */ = {
			isa = PBXNativeTarget;
			buildConfigurationList = 80FE95BA2420FF9100969A1B /* Build configuration list for PBXNativeTarget "UberAppTests" */;
			buildPhases = (
				7D04AC994C6BDA46B5806A1A /* [CP] Check Pods Manifest.lock */,
				80FE95AA2420FF9100969A1B /* Sources */,
				80FE95AB2420FF9100969A1B /* Frameworks */,
				80FE95AC2420FF9100969A1B /* Resources */,
			);
			buildRules = (
			);
			dependencies = (
				80FE95B02420FF9100969A1B /* PBXTargetDependency */,
			);
			name = UberAppTests;
			productName = UberAppTests;
			productReference = 80FE95AE2420FF9100969A1B /* UberAppTests.xctest */;
			productType = "com.apple.product-type.bundle.unit-test";
		};
/* End PBXNativeTarget section */

/* Begin PBXProject section */
		80FE95902420FF8F00969A1B /* Project object */ = {
			isa = PBXProject;
			attributes = {
				LastSwiftUpdateCheck = 1130;
				LastUpgradeCheck = 1130;
				ORGANIZATIONNAME = salma;
				TargetAttributes = {
					80FE95972420FF8F00969A1B = {
						CreatedOnToolsVersion = 11.3.1;
					};
					80FE95AD2420FF9100969A1B = {
						CreatedOnToolsVersion = 11.3.1;
						TestTargetID = 80FE95972420FF8F00969A1B;
					};
				};
			};
			buildConfigurationList = 80FE95932420FF8F00969A1B /* Build configuration list for PBXProject "UberApp" */;
			compatibilityVersion = "Xcode 9.3";
			developmentRegion = en;
			hasScannedForEncodings = 0;
			knownRegions = (
				en,
				Base,
			);
			mainGroup = 80FE958F2420FF8F00969A1B;
			productRefGroup = 80FE95992420FF8F00969A1B /* Products */;
			projectDirPath = "";
			projectRoot = "";
			targets = (
				80FE95972420FF8F00969A1B /* UberApp */,
				80FE95AD2420FF9100969A1B /* UberAppTests */,
			);
		};
/* End PBXProject section */

/* Begin PBXResourcesBuildPhase section */
		80FE95962420FF8F00969A1B /* Resources */ = {
			isa = PBXResourcesBuildPhase;
			buildActionMask = 2147483647;
			files = (
				80FE95A82420FF9100969A1B /* LaunchScreen.storyboard in Resources */,
				804EB6CC242B2E07009CDF92 /* GoogleService-Info.plist in Resources */,
				80FE95A52420FF9100969A1B /* Assets.xcassets in Resources */,
				80FE95A32420FF8F00969A1B /* Main.storyboard in Resources */,
			);
			runOnlyForDeploymentPostprocessing = 0;
		};
		80FE95AC2420FF9100969A1B /* Resources */ = {
			isa = PBXResourcesBuildPhase;
			buildActionMask = 2147483647;
			files = (
			);
			runOnlyForDeploymentPostprocessing = 0;
		};
/* End PBXResourcesBuildPhase section */

/* Begin PBXShellScriptBuildPhase section */
		39DE900A846A7D9552A77C90 /* [CP] Check Pods Manifest.lock */ = {
			isa = PBXShellScriptBuildPhase;
			buildActionMask = 2147483647;
			files = (
			);
			inputFileListPaths = (
			);
			inputPaths = (
				"${PODS_PODFILE_DIR_PATH}/Podfile.lock",
				"${PODS_ROOT}/Manifest.lock",
			);
			name = "[CP] Check Pods Manifest.lock";
			outputFileListPaths = (
			);
			outputPaths = (
				"$(DERIVED_FILE_DIR)/Pods-UberApp-checkManifestLockResult.txt",
			);
			runOnlyForDeploymentPostprocessing = 0;
			shellPath = /bin/sh;
			shellScript = "diff \"${PODS_PODFILE_DIR_PATH}/Podfile.lock\" \"${PODS_ROOT}/Manifest.lock\" > /dev/null\nif [ $? != 0 ] ; then\n    # print error to STDERR\n    echo \"error: The sandbox is not in sync with the Podfile.lock. Run 'pod install' or update your CocoaPods installation.\" >&2\n    exit 1\nfi\n# This output is used by Xcode 'outputs' to avoid re-running this script phase.\necho \"SUCCESS\" > \"${SCRIPT_OUTPUT_FILE_0}\"\n";
			showEnvVarsInLog = 0;
		};
		7D04AC994C6BDA46B5806A1A /* [CP] Check Pods Manifest.lock */ = {
			isa = PBXShellScriptBuildPhase;
			buildActionMask = 2147483647;
			files = (
			);
			inputFileListPaths = (
			);
			inputPaths = (
				"${PODS_PODFILE_DIR_PATH}/Podfile.lock",
				"${PODS_ROOT}/Manifest.lock",
			);
			name = "[CP] Check Pods Manifest.lock";
			outputFileListPaths = (
			);
			outputPaths = (
				"$(DERIVED_FILE_DIR)/Pods-UberAppTests-checkManifestLockResult.txt",
			);
			runOnlyForDeploymentPostprocessing = 0;
			shellPath = /bin/sh;
			shellScript = "diff \"${PODS_PODFILE_DIR_PATH}/Podfile.lock\" \"${PODS_ROOT}/Manifest.lock\" > /dev/null\nif [ $? != 0 ] ; then\n    # print error to STDERR\n    echo \"error: The sandbox is not in sync with the Podfile.lock. Run 'pod install' or update your CocoaPods installation.\" >&2\n    exit 1\nfi\n# This output is used by Xcode 'outputs' to avoid re-running this script phase.\necho \"SUCCESS\" > \"${SCRIPT_OUTPUT_FILE_0}\"\n";
			showEnvVarsInLog = 0;
		};
		CD8D8291D90F9292FB37CADD /* [CP] Embed Pods Frameworks */ = {
			isa = PBXShellScriptBuildPhase;
			buildActionMask = 2147483647;
			files = (
			);
			inputFileListPaths = (
				"${PODS_ROOT}/Target Support Files/Pods-UberApp/Pods-UberApp-frameworks-${CONFIGURATION}-input-files.xcfilelist",
			);
			name = "[CP] Embed Pods Frameworks";
			outputFileListPaths = (
				"${PODS_ROOT}/Target Support Files/Pods-UberApp/Pods-UberApp-frameworks-${CONFIGURATION}-output-files.xcfilelist",
			);
			runOnlyForDeploymentPostprocessing = 0;
			shellPath = /bin/sh;
			shellScript = "\"${PODS_ROOT}/Target Support Files/Pods-UberApp/Pods-UberApp-frameworks.sh\"\n";
			showEnvVarsInLog = 0;
		};
/* End PBXShellScriptBuildPhase section */

/* Begin PBXSourcesBuildPhase section */
		80FE95942420FF8F00969A1B /* Sources */ = {
			isa = PBXSourcesBuildPhase;
			buildActionMask = 2147483647;
			files = (
				80D24443242A48A10092B2D0 /* LoginViewController.swift in Sources */,
				804EB6CA242B26DE009CDF92 /* AuthButton.swift in Sources */,
				80FE959C2420FF8F00969A1B /* AppDelegate.swift in Sources */,
				80FE959E2420FF8F00969A1B /* SceneDelegate.swift in Sources */,
				80D24446242A52D50092B2D0 /* Extensions.swift in Sources */,
				804EB6C8242B17E6009CDF92 /* SignUpViewController.swift in Sources */,
			);
			runOnlyForDeploymentPostprocessing = 0;
		};
		80FE95AA2420FF9100969A1B /* Sources */ = {
			isa = PBXSourcesBuildPhase;
			buildActionMask = 2147483647;
			files = (
				80FE95B32420FF9100969A1B /* UberAppTests.swift in Sources */,
			);
			runOnlyForDeploymentPostprocessing = 0;
		};
/* End PBXSourcesBuildPhase section */

/* Begin PBXTargetDependency section */
		80FE95B02420FF9100969A1B /* PBXTargetDependency */ = {
			isa = PBXTargetDependency;
			target = 80FE95972420FF8F00969A1B /* UberApp */;
			targetProxy = 80FE95AF2420FF9100969A1B /* PBXContainerItemProxy */;
		};
/* End PBXTargetDependency section */

/* Begin PBXVariantGroup section */
		80FE95A12420FF8F00969A1B /* Main.storyboard */ = {
			isa = PBXVariantGroup;
			children = (
				80FE95A22420FF8F00969A1B /* Base */,
			);
			name = Main.storyboard;
			sourceTree = "<group>";
		};
		80FE95A62420FF9100969A1B /* LaunchScreen.storyboard */ = {
			isa = PBXVariantGroup;
			children = (
				80FE95A72420FF9100969A1B /* Base */,
			);
			name = LaunchScreen.storyboard;
			sourceTree = "<group>";
		};
/* End PBXVariantGroup section */

/* Begin XCBuildConfiguration section */
		80FE95B52420FF9100969A1B /* Debug */ = {
			isa = XCBuildConfiguration;
			buildSettings = {
				ALWAYS_SEARCH_USER_PATHS = NO;
				CLANG_ANALYZER_NONNULL = YES;
				CLANG_ANALYZER_NUMBER_OBJECT_CONVERSION = YES_AGGRESSIVE;
				CLANG_CXX_LANGUAGE_STANDARD = "gnu++14";
				CLANG_CXX_LIBRARY = "libc++";
				CLANG_ENABLE_MODULES = YES;
				CLANG_ENABLE_OBJC_ARC = YES;
				CLANG_ENABLE_OBJC_WEAK = YES;
				CLANG_WARN_BLOCK_CAPTURE_AUTORELEASING = YES;
				CLANG_WARN_BOOL_CONVERSION = YES;
				CLANG_WARN_COMMA = YES;
				CLANG_WARN_CONSTANT_CONVERSION = YES;
				CLANG_WARN_DEPRECATED_OBJC_IMPLEMENTATIONS = YES;
				CLANG_WARN_DIRECT_OBJC_ISA_USAGE = YES_ERROR;
				CLANG_WARN_DOCUMENTATION_COMMENTS = YES;
				CLANG_WARN_EMPTY_BODY = YES;
				CLANG_WARN_ENUM_CONVERSION = YES;
				CLANG_WARN_INFINITE_RECURSION = YES;
				CLANG_WARN_INT_CONVERSION = YES;
				CLANG_WARN_NON_LITERAL_NULL_CONVERSION = YES;
				CLANG_WARN_OBJC_IMPLICIT_RETAIN_SELF = YES;
				CLANG_WARN_OBJC_LITERAL_CONVERSION = YES;
				CLANG_WARN_OBJC_ROOT_CLASS = YES_ERROR;
				CLANG_WARN_RANGE_LOOP_ANALYSIS = YES;
				CLANG_WARN_STRICT_PROTOTYPES = YES;
				CLANG_WARN_SUSPICIOUS_MOVE = YES;
				CLANG_WARN_UNGUARDED_AVAILABILITY = YES_AGGRESSIVE;
				CLANG_WARN_UNREACHABLE_CODE = YES;
				CLANG_WARN__DUPLICATE_METHOD_MATCH = YES;
				COPY_PHASE_STRIP = NO;
				DEBUG_INFORMATION_FORMAT = dwarf;
				ENABLE_STRICT_OBJC_MSGSEND = YES;
				ENABLE_TESTABILITY = YES;
				GCC_C_LANGUAGE_STANDARD = gnu11;
				GCC_DYNAMIC_NO_PIC = NO;
				GCC_NO_COMMON_BLOCKS = YES;
				GCC_OPTIMIZATION_LEVEL = 0;
				GCC_PREPROCESSOR_DEFINITIONS = (
					"DEBUG=1",
					"$(inherited)",
				);
				GCC_WARN_64_TO_32_BIT_CONVERSION = YES;
				GCC_WARN_ABOUT_RETURN_TYPE = YES_ERROR;
				GCC_WARN_UNDECLARED_SELECTOR = YES;
				GCC_WARN_UNINITIALIZED_AUTOS = YES_AGGRESSIVE;
				GCC_WARN_UNUSED_FUNCTION = YES;
				GCC_WARN_UNUSED_VARIABLE = YES;
				IPHONEOS_DEPLOYMENT_TARGET = 13.2;
				MTL_ENABLE_DEBUG_INFO = INCLUDE_SOURCE;
				MTL_FAST_MATH = YES;
				ONLY_ACTIVE_ARCH = YES;
				SDKROOT = iphoneos;
				SWIFT_ACTIVE_COMPILATION_CONDITIONS = DEBUG;
				SWIFT_OPTIMIZATION_LEVEL = "-Onone";
			};
			name = Debug;
		};
		80FE95B62420FF9100969A1B /* Release */ = {
			isa = XCBuildConfiguration;
			buildSettings = {
				ALWAYS_SEARCH_USER_PATHS = NO;
				CLANG_ANALYZER_NONNULL = YES;
				CLANG_ANALYZER_NUMBER_OBJECT_CONVERSION = YES_AGGRESSIVE;
				CLANG_CXX_LANGUAGE_STANDARD = "gnu++14";
				CLANG_CXX_LIBRARY = "libc++";
				CLANG_ENABLE_MODULES = YES;
				CLANG_ENABLE_OBJC_ARC = YES;
				CLANG_ENABLE_OBJC_WEAK = YES;
				CLANG_WARN_BLOCK_CAPTURE_AUTORELEASING = YES;
				CLANG_WARN_BOOL_CONVERSION = YES;
				CLANG_WARN_COMMA = YES;
				CLANG_WARN_CONSTANT_CONVERSION = YES;
				CLANG_WARN_DEPRECATED_OBJC_IMPLEMENTATIONS = YES;
				CLANG_WARN_DIRECT_OBJC_ISA_USAGE = YES_ERROR;
				CLANG_WARN_DOCUMENTATION_COMMENTS = YES;
				CLANG_WARN_EMPTY_BODY = YES;
				CLANG_WARN_ENUM_CONVERSION = YES;
				CLANG_WARN_INFINITE_RECURSION = YES;
				CLANG_WARN_INT_CONVERSION = YES;
				CLANG_WARN_NON_LITERAL_NULL_CONVERSION = YES;
				CLANG_WARN_OBJC_IMPLICIT_RETAIN_SELF = YES;
				CLANG_WARN_OBJC_LITERAL_CONVERSION = YES;
				CLANG_WARN_OBJC_ROOT_CLASS = YES_ERROR;
				CLANG_WARN_RANGE_LOOP_ANALYSIS = YES;
				CLANG_WARN_STRICT_PROTOTYPES = YES;
				CLANG_WARN_SUSPICIOUS_MOVE = YES;
				CLANG_WARN_UNGUARDED_AVAILABILITY = YES_AGGRESSIVE;
				CLANG_WARN_UNREACHABLE_CODE = YES;
				CLANG_WARN__DUPLICATE_METHOD_MATCH = YES;
				COPY_PHASE_STRIP = NO;
				DEBUG_INFORMATION_FORMAT = "dwarf-with-dsym";
				ENABLE_NS_ASSERTIONS = NO;
				ENABLE_STRICT_OBJC_MSGSEND = YES;
				GCC_C_LANGUAGE_STANDARD = gnu11;
				GCC_NO_COMMON_BLOCKS = YES;
				GCC_WARN_64_TO_32_BIT_CONVERSION = YES;
				GCC_WARN_ABOUT_RETURN_TYPE = YES_ERROR;
				GCC_WARN_UNDECLARED_SELECTOR = YES;
				GCC_WARN_UNINITIALIZED_AUTOS = YES_AGGRESSIVE;
				GCC_WARN_UNUSED_FUNCTION = YES;
				GCC_WARN_UNUSED_VARIABLE = YES;
				IPHONEOS_DEPLOYMENT_TARGET = 13.2;
				MTL_ENABLE_DEBUG_INFO = NO;
				MTL_FAST_MATH = YES;
				SDKROOT = iphoneos;
				SWIFT_COMPILATION_MODE = wholemodule;
				SWIFT_OPTIMIZATION_LEVEL = "-O";
				VALIDATE_PRODUCT = YES;
			};
			name = Release;
		};
		80FE95B82420FF9100969A1B /* Debug */ = {
			isa = XCBuildConfiguration;
			baseConfigurationReference = A2994FF030D4A0852CEE595E /* Pods-UberApp.debug.xcconfig */;
			buildSettings = {
				ASSETCATALOG_COMPILER_APPICON_NAME = AppIcon;
				CODE_SIGN_STYLE = Automatic;
				DEVELOPMENT_TEAM = 2VH28277N9;
				INFOPLIST_FILE = UberApp/Info.plist;
				LD_RUNPATH_SEARCH_PATHS = (
					"$(inherited)",
					"@executable_path/Frameworks",
				);
				PRODUCT_BUNDLE_IDENTIFIER = com.salma.UberApp;
				PRODUCT_NAME = "$(TARGET_NAME)";
				SWIFT_VERSION = 5.0;
				TARGETED_DEVICE_FAMILY = "1,2";
			};
			name = Debug;
		};
		80FE95B92420FF9100969A1B /* Release */ = {
			isa = XCBuildConfiguration;
			baseConfigurationReference = 2934DCA746661070F4E54A14 /* Pods-UberApp.release.xcconfig */;
			buildSettings = {
				ASSETCATALOG_COMPILER_APPICON_NAME = AppIcon;
				CODE_SIGN_STYLE = Automatic;
				DEVELOPMENT_TEAM = 2VH28277N9;
				INFOPLIST_FILE = UberApp/Info.plist;
				LD_RUNPATH_SEARCH_PATHS = (
					"$(inherited)",
					"@executable_path/Frameworks",
				);
				PRODUCT_BUNDLE_IDENTIFIER = com.salma.UberApp;
				PRODUCT_NAME = "$(TARGET_NAME)";
				SWIFT_VERSION = 5.0;
				TARGETED_DEVICE_FAMILY = "1,2";
			};
			name = Release;
		};
		80FE95BB2420FF9100969A1B /* Debug */ = {
			isa = XCBuildConfiguration;
			baseConfigurationReference = FD3483A3D207C126DE7413FC /* Pods-UberAppTests.debug.xcconfig */;
			buildSettings = {
				ALWAYS_EMBED_SWIFT_STANDARD_LIBRARIES = YES;
				BUNDLE_LOADER = "$(TEST_HOST)";
				CODE_SIGN_STYLE = Automatic;
				DEVELOPMENT_TEAM = 2VH28277N9;
				INFOPLIST_FILE = UberAppTests/Info.plist;
				IPHONEOS_DEPLOYMENT_TARGET = 13.2;
				LD_RUNPATH_SEARCH_PATHS = (
					"$(inherited)",
					"@executable_path/Frameworks",
					"@loader_path/Frameworks",
				);
				PRODUCT_BUNDLE_IDENTIFIER = com.salma.UberAppTests;
				PRODUCT_NAME = "$(TARGET_NAME)";
				SWIFT_VERSION = 5.0;
				TARGETED_DEVICE_FAMILY = "1,2";
				TEST_HOST = "$(BUILT_PRODUCTS_DIR)/UberApp.app/UberApp";
			};
			name = Debug;
		};
		80FE95BC2420FF9100969A1B /* Release */ = {
			isa = XCBuildConfiguration;
			baseConfigurationReference = 6EB4E138DE395F0A1BDCCFC0 /* Pods-UberAppTests.release.xcconfig */;
			buildSettings = {
				ALWAYS_EMBED_SWIFT_STANDARD_LIBRARIES = YES;
				BUNDLE_LOADER = "$(TEST_HOST)";
				CODE_SIGN_STYLE = Automatic;
				DEVELOPMENT_TEAM = 2VH28277N9;
				INFOPLIST_FILE = UberAppTests/Info.plist;
				IPHONEOS_DEPLOYMENT_TARGET = 13.2;
				LD_RUNPATH_SEARCH_PATHS = (
					"$(inherited)",
					"@executable_path/Frameworks",
					"@loader_path/Frameworks",
				);
				PRODUCT_BUNDLE_IDENTIFIER = com.salma.UberAppTests;
				PRODUCT_NAME = "$(TARGET_NAME)";
				SWIFT_VERSION = 5.0;
				TARGETED_DEVICE_FAMILY = "1,2";
				TEST_HOST = "$(BUILT_PRODUCTS_DIR)/UberApp.app/UberApp";
			};
			name = Release;
		};
/* End XCBuildConfiguration section */

/* Begin XCConfigurationList section */
		80FE95932420FF8F00969A1B /* Build configuration list for PBXProject "UberApp" */ = {
			isa = XCConfigurationList;
			buildConfigurations = (
				80FE95B52420FF9100969A1B /* Debug */,
				80FE95B62420FF9100969A1B /* Release */,
			);
			defaultConfigurationIsVisible = 0;
			defaultConfigurationName = Release;
		};
		80FE95B72420FF9100969A1B /* Build configuration list for PBXNativeTarget "UberApp" */ = {
			isa = XCConfigurationList;
			buildConfigurations = (
				80FE95B82420FF9100969A1B /* Debug */,
				80FE95B92420FF9100969A1B /* Release */,
			);
			defaultConfigurationIsVisible = 0;
			defaultConfigurationName = Release;
		};
		80FE95BA2420FF9100969A1B /* Build configuration list for PBXNativeTarget "UberAppTests" */ = {
			isa = XCConfigurationList;
			buildConfigurations = (
				80FE95BB2420FF9100969A1B /* Debug */,
				80FE95BC2420FF9100969A1B /* Release */,
			);
			defaultConfigurationIsVisible = 0;
			defaultConfigurationName = Release;
		};
/* End XCConfigurationList section */
	};
	rootObject = 80FE95902420FF8F00969A1B /* Project object */;
}
